
Microsoft Visual Studio Solution File, Format Version 12.00
# Visual Studio Version 17
VisualStudioVersion = 17.0.32126.317
MinimumVisualStudioVersion = 10.0.40219.1
Project("{FAE04EC0-301F-11D3-BF4B-00C04F79EFBC}") = "ArraysAndLoops", "ConsoleApp1\ArraysAndLoops.csproj", "{E764428D-1585-4562-A5DD-D945BE97C3EA}"
EndProject
Project("{FAE04EC0-301F-11D3-BF4B-00C04F79EFBC}") = "ConditionalStatements", "ConsoleApp2\ConditionalStatements.csproj", "{609C6BFD-7CD5-4209-8D35-84AAAE3EB200}"
EndProject
Project("{FAE04EC0-301F-11D3-BF4B-00C04F79EFBC}") = "Practice", "Practice\Practice.csproj", "{CA6A0A78-448D-4A84-91D3-27AD7EA31416}"
EndProject
Project("{FAE04EC0-301F-11D3-BF4B-00C04F79EFBC}") = "ObjectsAndClasses", "ObjectsAndClasses\ObjectsAndClasses.csproj", "{97C15E24-5BCE-41A6-9D97-A845F57CA9EC}"
EndProject
Project("{FAE04EC0-301F-11D3-BF4B-00C04F79EFBC}") = "Strings", "ConsoleApp3\Strings.csproj", "{1F629381-A882-4627-9306-CFF3B9F33488}"
EndProject
Project("{FAE04EC0-301F-11D3-BF4B-00C04F79EFBC}") = "Task13", "Task13\Task13.csproj", "{501CC0B3-6431-4FA6-B4B6-7C876C8935E9}"
EndProject
Project("{FAE04EC0-301F-11D3-BF4B-00C04F79EFBC}") = "Task14", "Task14\Task14.csproj", "{C192F49C-EAF6-4DE0-AB98-03F56AF6B55D}"
EndProject
Project("{FAE04EC0-301F-11D3-BF4B-00C04F79EFBC}") = "Task15", "Task15\Task15.csproj", "{C9B7E4C2-D521-43CD-8B49-FA27BD00D026}"
EndProject
Project("{FAE04EC0-301F-11D3-BF4B-00C04F79EFBC}") = "Task16CatalogUtility", "Task16\Task16CatalogUtility.csproj", "{F45E94DA-A979-498C-83CC-3AAE4F51C774}"
EndProject
Project("{FAE04EC0-301F-11D3-BF4B-00C04F79EFBC}") = "CollectionsAndLists", "CollectionsAndLists\CollectionsAndLists.csproj", "{365C29F4-0439-4FA1-8E2A-FC48501B8550}"
EndProject
Project("{FAE04EC0-301F-11D3-BF4B-00C04F79EFBC}") = "QueueAndStack", "QueueAndStack\QueueAndStack.csproj", "{4C36D282-A314-4D9E-AE45-ED212B327E25}"
EndProject
Project("{FAE04EC0-301F-11D3-BF4B-00C04F79EFBC}") = "LINQtasks", "LINQtasks\LINQtasks.csproj", "{628823C8-ADCB-4601-A3C0-05606C945C45}"
EndProject
Project("{FAE04EC0-301F-11D3-BF4B-00C04F79EFBC}") = "QExample", "Example\QExample.csproj", "{60172B49-D4C4-4B49-A615-9F7236A30ECF}"
EndProject
Project("{FAE04EC0-301F-11D3-BF4B-00C04F79EFBC}") = "Ytest", "Ytest\Ytest.csproj", "{ADEB8304-1856-401B-91A2-893F049407DB}"
EndProject
Project("{FAE04EC0-301F-11D3-BF4B-00C04F79EFBC}") = "ExceptionHandling", "ExceptionHandling\ExceptionHandling.csproj", "{48D8211B-F688-4F40-96DE-B73F23E98285}"
EndProject
Project("{FAE04EC0-301F-11D3-BF4B-00C04F79EFBC}") = "ODD_Demo", "ODD_Demo\ODD_Demo.csproj", "{37B57213-310A-4B3E-BDF0-4DCF9631E3DF}"
EndProject
Project("{FAE04EC0-301F-11D3-BF4B-00C04F79EFBC}") = "EventsAndDelegatesDemo", "EventsAndDelegatesDemo\EventsAndDelegatesDemo.csproj", "{3FD1BE6C-045F-466D-A62E-C0DEBEACE531}"
EndProject
Project("{9A19103F-16F7-4668-BE54-9A1E7A4F7556}") = "NUnitAsserts.Demo", "NUnitAsserts.Demo\NUnitAsserts.Demo.csproj", "{3E90A916-71A5-4E8B-8DB4-B693D84DD3EB}"
EndProject
Project("{FAE04EC0-301F-11D3-BF4B-00C04F79EFBC}") = "PageObject_Demo", "PageObject_Demo\PageObject_Demo.csproj", "{FD449996-8E04-4B33-8D79-68E0238F1F71}"
EndProject
Global
	GlobalSection(SolutionConfigurationPlatforms) = preSolution
		Debug|Any CPU = Debug|Any CPU
		Release|Any CPU = Release|Any CPU
	EndGlobalSection
	GlobalSection(ProjectConfigurationPlatforms) = postSolution
		{E764428D-1585-4562-A5DD-D945BE97C3EA}.Debug|Any CPU.ActiveCfg = Debug|Any CPU
		{E764428D-1585-4562-A5DD-D945BE97C3EA}.Debug|Any CPU.Build.0 = Debug|Any CPU
		{E764428D-1585-4562-A5DD-D945BE97C3EA}.Release|Any CPU.ActiveCfg = Release|Any CPU
		{E764428D-1585-4562-A5DD-D945BE97C3EA}.Release|Any CPU.Build.0 = Release|Any CPU
		{609C6BFD-7CD5-4209-8D35-84AAAE3EB200}.Debug|Any CPU.ActiveCfg = Debug|Any CPU
		{609C6BFD-7CD5-4209-8D35-84AAAE3EB200}.Debug|Any CPU.Build.0 = Debug|Any CPU
		{609C6BFD-7CD5-4209-8D35-84AAAE3EB200}.Release|Any CPU.ActiveCfg = Release|Any CPU
		{609C6BFD-7CD5-4209-8D35-84AAAE3EB200}.Release|Any CPU.Build.0 = Release|Any CPU
		{CA6A0A78-448D-4A84-91D3-27AD7EA31416}.Debug|Any CPU.ActiveCfg = Debug|Any CPU
		{CA6A0A78-448D-4A84-91D3-27AD7EA31416}.Debug|Any CPU.Build.0 = Debug|Any CPU
		{CA6A0A78-448D-4A84-91D3-27AD7EA31416}.Release|Any CPU.ActiveCfg = Release|Any CPU
		{CA6A0A78-448D-4A84-91D3-27AD7EA31416}.Release|Any CPU.Build.0 = Release|Any CPU
		{97C15E24-5BCE-41A6-9D97-A845F57CA9EC}.Debug|Any CPU.ActiveCfg = Debug|Any CPU
		{97C15E24-5BCE-41A6-9D97-A845F57CA9EC}.Debug|Any CPU.Build.0 = Debug|Any CPU
		{97C15E24-5BCE-41A6-9D97-A845F57CA9EC}.Release|Any CPU.ActiveCfg = Release|Any CPU
		{97C15E24-5BCE-41A6-9D97-A845F57CA9EC}.Release|Any CPU.Build.0 = Release|Any CPU
		{1F629381-A882-4627-9306-CFF3B9F33488}.Debug|Any CPU.ActiveCfg = Debug|Any CPU
		{1F629381-A882-4627-9306-CFF3B9F33488}.Debug|Any CPU.Build.0 = Debug|Any CPU
		{1F629381-A882-4627-9306-CFF3B9F33488}.Release|Any CPU.ActiveCfg = Release|Any CPU
		{1F629381-A882-4627-9306-CFF3B9F33488}.Release|Any CPU.Build.0 = Release|Any CPU
		{501CC0B3-6431-4FA6-B4B6-7C876C8935E9}.Debug|Any CPU.ActiveCfg = Debug|Any CPU
		{501CC0B3-6431-4FA6-B4B6-7C876C8935E9}.Debug|Any CPU.Build.0 = Debug|Any CPU
		{501CC0B3-6431-4FA6-B4B6-7C876C8935E9}.Release|Any CPU.ActiveCfg = Release|Any CPU
		{501CC0B3-6431-4FA6-B4B6-7C876C8935E9}.Release|Any CPU.Build.0 = Release|Any CPU
		{C192F49C-EAF6-4DE0-AB98-03F56AF6B55D}.Debug|Any CPU.ActiveCfg = Debug|Any CPU
		{C192F49C-EAF6-4DE0-AB98-03F56AF6B55D}.Debug|Any CPU.Build.0 = Debug|Any CPU
		{C192F49C-EAF6-4DE0-AB98-03F56AF6B55D}.Release|Any CPU.ActiveCfg = Release|Any CPU
		{C192F49C-EAF6-4DE0-AB98-03F56AF6B55D}.Release|Any CPU.Build.0 = Release|Any CPU
		{C9B7E4C2-D521-43CD-8B49-FA27BD00D026}.Debug|Any CPU.ActiveCfg = Debug|Any CPU
		{C9B7E4C2-D521-43CD-8B49-FA27BD00D026}.Debug|Any CPU.Build.0 = Debug|Any CPU
		{C9B7E4C2-D521-43CD-8B49-FA27BD00D026}.Release|Any CPU.ActiveCfg = Release|Any CPU
		{C9B7E4C2-D521-43CD-8B49-FA27BD00D026}.Release|Any CPU.Build.0 = Release|Any CPU
		{F45E94DA-A979-498C-83CC-3AAE4F51C774}.Debug|Any CPU.ActiveCfg = Debug|Any CPU
		{F45E94DA-A979-498C-83CC-3AAE4F51C774}.Debug|Any CPU.Build.0 = Debug|Any CPU
		{F45E94DA-A979-498C-83CC-3AAE4F51C774}.Release|Any CPU.ActiveCfg = Release|Any CPU
		{F45E94DA-A979-498C-83CC-3AAE4F51C774}.Release|Any CPU.Build.0 = Release|Any CPU
		{365C29F4-0439-4FA1-8E2A-FC48501B8550}.Debug|Any CPU.ActiveCfg = Debug|Any CPU
		{365C29F4-0439-4FA1-8E2A-FC48501B8550}.Debug|Any CPU.Build.0 = Debug|Any CPU
		{365C29F4-0439-4FA1-8E2A-FC48501B8550}.Release|Any CPU.ActiveCfg = Release|Any CPU
		{365C29F4-0439-4FA1-8E2A-FC48501B8550}.Release|Any CPU.Build.0 = Release|Any CPU
		{4C36D282-A314-4D9E-AE45-ED212B327E25}.Debug|Any CPU.ActiveCfg = Debug|Any CPU
		{4C36D282-A314-4D9E-AE45-ED212B327E25}.Debug|Any CPU.Build.0 = Debug|Any CPU
		{4C36D282-A314-4D9E-AE45-ED212B327E25}.Release|Any CPU.ActiveCfg = Release|Any CPU
		{4C36D282-A314-4D9E-AE45-ED212B327E25}.Release|Any CPU.Build.0 = Release|Any CPU
		{628823C8-ADCB-4601-A3C0-05606C945C45}.Debug|Any CPU.ActiveCfg = Debug|Any CPU
		{628823C8-ADCB-4601-A3C0-05606C945C45}.Debug|Any CPU.Build.0 = Debug|Any CPU
		{628823C8-ADCB-4601-A3C0-05606C945C45}.Release|Any CPU.ActiveCfg = Release|Any CPU
		{628823C8-ADCB-4601-A3C0-05606C945C45}.Release|Any CPU.Build.0 = Release|Any CPU
		{60172B49-D4C4-4B49-A615-9F7236A30ECF}.Debug|Any CPU.ActiveCfg = Debug|Any CPU
		{60172B49-D4C4-4B49-A615-9F7236A30ECF}.Debug|Any CPU.Build.0 = Debug|Any CPU
		{60172B49-D4C4-4B49-A615-9F7236A30ECF}.Release|Any CPU.ActiveCfg = Release|Any CPU
		{60172B49-D4C4-4B49-A615-9F7236A30ECF}.Release|Any CPU.Build.0 = Release|Any CPU
		{ADEB8304-1856-401B-91A2-893F049407DB}.Debug|Any CPU.ActiveCfg = Debug|Any CPU
		{ADEB8304-1856-401B-91A2-893F049407DB}.Debug|Any CPU.Build.0 = Debug|Any CPU
		{ADEB8304-1856-401B-91A2-893F049407DB}.Release|Any CPU.ActiveCfg = Release|Any CPU
		{ADEB8304-1856-401B-91A2-893F049407DB}.Release|Any CPU.Build.0 = Release|Any CPU
		{48D8211B-F688-4F40-96DE-B73F23E98285}.Debug|Any CPU.ActiveCfg = Debug|Any CPU
		{48D8211B-F688-4F40-96DE-B73F23E98285}.Debug|Any CPU.Build.0 = Debug|Any CPU
		{48D8211B-F688-4F40-96DE-B73F23E98285}.Release|Any CPU.ActiveCfg = Release|Any CPU
		{48D8211B-F688-4F40-96DE-B73F23E98285}.Release|Any CPU.Build.0 = Release|Any CPU
		{37B57213-310A-4B3E-BDF0-4DCF9631E3DF}.Debug|Any CPU.ActiveCfg = Debug|Any CPU
		{37B57213-310A-4B3E-BDF0-4DCF9631E3DF}.Debug|Any CPU.Build.0 = Debug|Any CPU
		{37B57213-310A-4B3E-BDF0-4DCF9631E3DF}.Release|Any CPU.ActiveCfg = Release|Any CPU
		{37B57213-310A-4B3E-BDF0-4DCF9631E3DF}.Release|Any CPU.Build.0 = Release|Any CPU
		{3FD1BE6C-045F-466D-A62E-C0DEBEACE531}.Debug|Any CPU.ActiveCfg = Debug|Any CPU
		{3FD1BE6C-045F-466D-A62E-C0DEBEACE531}.Debug|Any CPU.Build.0 = Debug|Any CPU
		{3FD1BE6C-045F-466D-A62E-C0DEBEACE531}.Release|Any CPU.ActiveCfg = Release|Any CPU
		{3FD1BE6C-045F-466D-A62E-C0DEBEACE531}.Release|Any CPU.Build.0 = Release|Any CPU
		{3E90A916-71A5-4E8B-8DB4-B693D84DD3EB}.Debug|Any CPU.ActiveCfg = Debug|Any CPU
		{3E90A916-71A5-4E8B-8DB4-B693D84DD3EB}.Debug|Any CPU.Build.0 = Debug|Any CPU
		{3E90A916-71A5-4E8B-8DB4-B693D84DD3EB}.Release|Any CPU.ActiveCfg = Release|Any CPU
		{3E90A916-71A5-4E8B-8DB4-B693D84DD3EB}.Release|Any CPU.Build.0 = Release|Any CPU
		{FD449996-8E04-4B33-8D79-68E0238F1F71}.Debug|Any CPU.ActiveCfg = Debug|Any CPU
		{FD449996-8E04-4B33-8D79-68E0238F1F71}.Debug|Any CPU.Build.0 = Debug|Any CPU
		{FD449996-8E04-4B33-8D79-68E0238F1F71}.Release|Any CPU.ActiveCfg = Release|Any CPU
		{FD449996-8E04-4B33-8D79-68E0238F1F71}.Release|Any CPU.Build.0 = Release|Any CPU
	EndGlobalSection
	GlobalSection(SolutionProperties) = preSolution
		HideSolutionNode = FALSE
	EndGlobalSection
	GlobalSection(ExtensibilityGlobals) = postSolution
		SolutionGuid = {2E699E4D-6356-48A9-AF35-E1050A748BB4}
	EndGlobalSection
EndGlobal
